
Microsoft Visual Studio Solution File, Format Version 12.00
# Visual Studio Version 17
VisualStudioVersion = 17.8.34330.188
MinimumVisualStudioVersion = 10.0.40219.1
Project("{9A19103F-16F7-4668-BE54-9A1E7A4F7556}") = "Producer", "Producer\Producer.csproj", "{35BCEDEA-A5FC-431E-B4EE-2EA6DF629FF2}"
EndProject
Project("{FAE04EC0-301F-11D3-BF4B-00C04F79EFBC}") = "Consumer", "Consumer\Consumer.csproj", "{489516D1-6D25-43A9-A38F-27189EE4BA08}"
EndProject
Global
	GlobalSection(SolutionConfigurationPlatforms) = preSolution
		Debug|Any CPU = Debug|Any CPU
		Release|Any CPU = Release|Any CPU
	EndGlobalSection
	GlobalSection(ProjectConfigurationPlatforms) = postSolution
		{35BCEDEA-A5FC-431E-B4EE-2EA6DF629FF2}.Debug|Any CPU.ActiveCfg = Debug|Any CPU
		{35BCEDEA-A5FC-431E-B4EE-2EA6DF629FF2}.Debug|Any CPU.Build.0 = Debug|Any CPU
		{35BCEDEA-A5FC-431E-B4EE-2EA6DF629FF2}.Release|Any CPU.ActiveCfg = Release|Any CPU
		{35BCEDEA-A5FC-431E-B4EE-2EA6DF629FF2}.Release|Any CPU.Build.0 = Release|Any CPU
		{489516D1-6D25-43A9-A38F-27189EE4BA08}.Debug|Any CPU.ActiveCfg = Debug|Any CPU
		{489516D1-6D25-43A9-A38F-27189EE4BA08}.Debug|Any CPU.Build.0 = Debug|Any CPU
		{489516D1-6D25-43A9-A38F-27189EE4BA08}.Release|Any CPU.ActiveCfg = Release|Any CPU
		{489516D1-6D25-43A9-A38F-27189EE4BA08}.Release|Any CPU.Build.0 = Release|Any CPU
	EndGlobalSection
	GlobalSection(SolutionProperties) = preSolution
		HideSolutionNode = FALSE
	EndGlobalSection
	GlobalSection(ExtensibilityGlobals) = postSolution
		SolutionGuid = {73E3893B-7E28-4EC3-AA26-6CCC6C769112}
	EndGlobalSection
EndGlobal
